
Microsoft Visual Studio Solution File, Format Version 12.00
# Visual Studio Version 17
VisualStudioVersion = 17.8.34330.188
MinimumVisualStudioVersion = 10.0.40219.1
Project("{9A19103F-16F7-4668-BE54-9A1E7A4F7556}") = "NetDevExtensions.Validators", "NetDevExtensions.Validations\NetDevExtensions.Validators.csproj", "{FF7F8138-0069-485F-B25F-D049A9DC4D96}"
EndProject
Project("{9A19103F-16F7-4668-BE54-9A1E7A4F7556}") = "NetDevExtensions.Tests", "NetDevExtensions.Tests\NetDevExtensions.Tests.csproj", "{9AA59F5E-1110-4E48-BE15-82AD51C01527}"
EndProject
Project("{9A19103F-16F7-4668-BE54-9A1E7A4F7556}") = "NetDevExtensions.Converters", "NetDevExtensions.Converters\NetDevExtensions.Converters.csproj", "{F785586E-68F7-487F-A544-536652CA26FB}"
EndProject
Project("{9A19103F-16F7-4668-BE54-9A1E7A4F7556}") = "NetDevExtensions.Comparison", "NetDevExtensions.Comparison\NetDevExtensions.Comparison.csproj", "{4434CC71-AE5D-46FD-AE10-0E0C1B28934B}"
EndProject
Project("{9A19103F-16F7-4668-BE54-9A1E7A4F7556}") = "NetDevExtensions.Generators", "NetDevExtensions.Generators\NetDevExtensions.Generators.csproj", "{5894C4E1-B5EB-4EB6-A7A2-082AA60A6225}"
EndProject
Project("{FAE04EC0-301F-11D3-BF4B-00C04F79EFBC}") = "NetDevExtensions.Algorithms", "NetDevExtensions.Algorithms\NetDevExtensions.Algorithms.csproj", "{F53677E6-CDB4-42B6-82D7-F9915B181808}"
EndProject
Project("{FAE04EC0-301F-11D3-BF4B-00C04F79EFBC}") = "NetDevExtensions.ServiceAbstractions", "NetDevExtensions.ServiceAbstractions\NetDevExtensions.ServiceAbstractions.csproj", "{E43B6C92-3A3C-435B-8664-95B2CE13749C}"
EndProject
Global
	GlobalSection(SolutionConfigurationPlatforms) = preSolution
		Debug|Any CPU = Debug|Any CPU
		Release|Any CPU = Release|Any CPU
	EndGlobalSection
	GlobalSection(ProjectConfigurationPlatforms) = postSolution
		{FF7F8138-0069-485F-B25F-D049A9DC4D96}.Debug|Any CPU.ActiveCfg = Debug|Any CPU
		{FF7F8138-0069-485F-B25F-D049A9DC4D96}.Debug|Any CPU.Build.0 = Debug|Any CPU
		{FF7F8138-0069-485F-B25F-D049A9DC4D96}.Release|Any CPU.ActiveCfg = Release|Any CPU
		{FF7F8138-0069-485F-B25F-D049A9DC4D96}.Release|Any CPU.Build.0 = Release|Any CPU
		{9AA59F5E-1110-4E48-BE15-82AD51C01527}.Debug|Any CPU.ActiveCfg = Debug|Any CPU
		{9AA59F5E-1110-4E48-BE15-82AD51C01527}.Debug|Any CPU.Build.0 = Debug|Any CPU
		{9AA59F5E-1110-4E48-BE15-82AD51C01527}.Release|Any CPU.ActiveCfg = Release|Any CPU
		{9AA59F5E-1110-4E48-BE15-82AD51C01527}.Release|Any CPU.Build.0 = Release|Any CPU
		{F785586E-68F7-487F-A544-536652CA26FB}.Debug|Any CPU.ActiveCfg = Debug|Any CPU
		{F785586E-68F7-487F-A544-536652CA26FB}.Debug|Any CPU.Build.0 = Debug|Any CPU
		{F785586E-68F7-487F-A544-536652CA26FB}.Release|Any CPU.ActiveCfg = Release|Any CPU
		{F785586E-68F7-487F-A544-536652CA26FB}.Release|Any CPU.Build.0 = Release|Any CPU
		{4434CC71-AE5D-46FD-AE10-0E0C1B28934B}.Debug|Any CPU.ActiveCfg = Debug|Any CPU
		{4434CC71-AE5D-46FD-AE10-0E0C1B28934B}.Debug|Any CPU.Build.0 = Debug|Any CPU
		{4434CC71-AE5D-46FD-AE10-0E0C1B28934B}.Release|Any CPU.ActiveCfg = Release|Any CPU
		{4434CC71-AE5D-46FD-AE10-0E0C1B28934B}.Release|Any CPU.Build.0 = Release|Any CPU
		{5894C4E1-B5EB-4EB6-A7A2-082AA60A6225}.Debug|Any CPU.ActiveCfg = Debug|Any CPU
		{5894C4E1-B5EB-4EB6-A7A2-082AA60A6225}.Debug|Any CPU.Build.0 = Debug|Any CPU
		{5894C4E1-B5EB-4EB6-A7A2-082AA60A6225}.Release|Any CPU.ActiveCfg = Release|Any CPU
		{5894C4E1-B5EB-4EB6-A7A2-082AA60A6225}.Release|Any CPU.Build.0 = Release|Any CPU
		{F53677E6-CDB4-42B6-82D7-F9915B181808}.Debug|Any CPU.ActiveCfg = Debug|Any CPU
		{F53677E6-CDB4-42B6-82D7-F9915B181808}.Debug|Any CPU.Build.0 = Debug|Any CPU
		{F53677E6-CDB4-42B6-82D7-F9915B181808}.Release|Any CPU.ActiveCfg = Release|Any CPU
		{F53677E6-CDB4-42B6-82D7-F9915B181808}.Release|Any CPU.Build.0 = Release|Any CPU
		{E43B6C92-3A3C-435B-8664-95B2CE13749C}.Debug|Any CPU.ActiveCfg = Debug|Any CPU
		{E43B6C92-3A3C-435B-8664-95B2CE13749C}.Debug|Any CPU.Build.0 = Debug|Any CPU
		{E43B6C92-3A3C-435B-8664-95B2CE13749C}.Release|Any CPU.ActiveCfg = Release|Any CPU
		{E43B6C92-3A3C-435B-8664-95B2CE13749C}.Release|Any CPU.Build.0 = Release|Any CPU
	EndGlobalSection
	GlobalSection(SolutionProperties) = preSolution
		HideSolutionNode = FALSE
	EndGlobalSection
	GlobalSection(ExtensibilityGlobals) = postSolution
		SolutionGuid = {79FC6639-012A-465C-8F34-20506ACB4F59}
	EndGlobalSection
EndGlobal
