
Microsoft Visual Studio Solution File, Format Version 12.00
# Visual Studio Version 17
VisualStudioVersion = 17.8.34330.188
MinimumVisualStudioVersion = 10.0.40219.1
Project("{9A19103F-16F7-4668-BE54-9A1E7A4F7556}") = "NetPlus.Tests", "NetPlus.Tests\NetPlus.Tests.csproj", "{E35248C9-8C9E-408B-A9C7-F850B1B7DFA0}"
EndProject
Project("{2150E333-8FDC-42A3-9474-1A3956D46DE8}") = "Algorithms", "Algorithms", "{71BD4EC1-2F94-41BB-8D7A-2026151C351C}"
EndProject
Project("{2150E333-8FDC-42A3-9474-1A3956D46DE8}") = "ServiceAbstractions", "ServiceAbstractions", "{C48A2799-BDF0-4D0F-8C0C-803422D9213A}"
EndProject
Project("{2150E333-8FDC-42A3-9474-1A3956D46DE8}") = "Converters", "Converters", "{DF62F689-1ED5-4F9D-B9D8-25D2DDB7DF1A}"
EndProject
Project("{2150E333-8FDC-42A3-9474-1A3956D46DE8}") = "Generators", "Generators", "{B0E17724-3D56-4A44-9FD9-F15F5880DB25}"
EndProject
Project("{2150E333-8FDC-42A3-9474-1A3956D46DE8}") = "Validators", "Validators", "{2294CB79-DD11-4772-AEBB-5BB0E4BFD2E4}"
EndProject
Project("{2150E333-8FDC-42A3-9474-1A3956D46DE8}") = "Tests", "Tests", "{0A797A5F-EC62-4234-9E65-265054ED7521}"
EndProject
Project("{2150E333-8FDC-42A3-9474-1A3956D46DE8}") = "Cache", "Cache", "{059E42A6-AB01-47C1-915C-EF32C4BA9386}"
EndProject
Project("{2150E333-8FDC-42A3-9474-1A3956D46DE8}") = "Database", "Database", "{54537112-E2D3-48A1-B6CF-CA2333FA0140}"
EndProject
Project("{2150E333-8FDC-42A3-9474-1A3956D46DE8}") = "NoSQL", "NoSQL", "{80180D22-1699-4731-B55F-A5161A94C21D}"
EndProject
Project("{2150E333-8FDC-42A3-9474-1A3956D46DE8}") = "Queue", "Queue", "{A2AC9E36-330E-42A4-A654-4EF16CBD7F7B}"
EndProject
Project("{FAE04EC0-301F-11D3-BF4B-00C04F79EFBC}") = "NetPlus.Algorithms.Search", "NetPlus.Algorithms\NetPlus.Algorithm.Search\NetPlus.Algorithms.Search.csproj", "{4676B785-12C7-4B97-8C09-AEF1852D618C}"
EndProject
Project("{FAE04EC0-301F-11D3-BF4B-00C04F79EFBC}") = "NetPlus.Algorithms.Comparison", "NetPlus.Algorithms\NetPlus.Algorithms.Comparison\NetPlus.Algorithms.Comparison.csproj", "{E8C531BE-CF1F-4A53-A66D-369C5CDA5EAC}"
EndProject
Project("{FAE04EC0-301F-11D3-BF4B-00C04F79EFBC}") = "NetPlus.Algorithms.Graphs", "NetPlus.Algorithms\NetPlus.Algorithms.Graphs\NetPlus.Algorithms.Graphs.csproj", "{8B77DA34-EA61-45FF-A64A-5A4229700E38}"
EndProject
Project("{FAE04EC0-301F-11D3-BF4B-00C04F79EFBC}") = "NetPlus.Algorithms.Sorting", "NetPlus.Algorithms\NetPlus.Algorithms.Sorting\NetPlus.Algorithms.Sorting.csproj", "{F9DA0890-407D-4C2A-8B02-49905B183B51}"
EndProject
Project("{FAE04EC0-301F-11D3-BF4B-00C04F79EFBC}") = "NetPlus.Converters.Date", "NetPlus.Converters\NetPlus.Converters.Date\NetPlus.Converters.Date.csproj", "{5CF6234E-8743-4539-934F-1A69DEBC09C5}"
EndProject
Project("{FAE04EC0-301F-11D3-BF4B-00C04F79EFBC}") = "NetPlus.Converters.Temperature", "NetPlus.Converters\NetPlus.Converters.Temperature\NetPlus.Converters.Temperature.csproj", "{59A5F5DD-90FF-4C15-9E1D-1D980A42F5CF}"
EndProject
Project("{FAE04EC0-301F-11D3-BF4B-00C04F79EFBC}") = "NetPlus.Generators.GenericGenerator", "NetPlus.Generators\NetPlus.Generators.GenericGenerator\NetPlus.Generators.GenericGenerator.csproj", "{01846A9F-3845-4082-9EEB-833084A79556}"
EndProject
Project("{FAE04EC0-301F-11D3-BF4B-00C04F79EFBC}") = "NetPlus.Generators.GuidGenerator", "NetPlus.Generators\NetPlus.Generators.GuidGenerator\NetPlus.Generators.GuidGenerator.csproj", "{B9905F3E-6DBD-46E2-9021-513823B94113}"
EndProject
Project("{FAE04EC0-301F-11D3-BF4B-00C04F79EFBC}") = "NetPlus.Generators.PasswordGenerator", "NetPlus.Generators\NetPlus.Generators.PasswordGenerator\NetPlus.Generators.PasswordGenerator.csproj", "{3E8021D3-CC86-4B19-BB52-ED333D5453FE}"
EndProject
Project("{FAE04EC0-301F-11D3-BF4B-00C04F79EFBC}") = "NetPlus.ServiceAbstractions.Cache.Memory", "NetPlus.ServiceAbstractions\NetPlus.ServiceAbstractions.Cache\NetPlus.ServiceAbstractions.Cache.Memory\NetPlus.ServiceAbstractions.Cache.Memory.csproj", "{A03BB0EB-47A5-433A-B602-BE8F5C731762}"
EndProject
Project("{FAE04EC0-301F-11D3-BF4B-00C04F79EFBC}") = "NetPlus.ServiceAbstractions.Cache.Redis", "NetPlus.ServiceAbstractions\NetPlus.ServiceAbstractions.Cache\NetPlus.ServiceAbstractions.Cache.Redis\NetPlus.ServiceAbstractions.Cache.Redis.csproj", "{218D519E-6353-459C-BA0B-3FA6C9EA1601}"
EndProject
Project("{FAE04EC0-301F-11D3-BF4B-00C04F79EFBC}") = "NetPlus.ServiceAbstractions.Database.NoSQL.MongoDB", "NetPlus.ServiceAbstractions\NetPlus.ServiceAbstractions.NoSQL\NetPlus.ServiceAbstractions.Database.NoSQL.MongoDB\NetPlus.ServiceAbstractions.Database.NoSQL.MongoDB.csproj", "{2FB9B2FF-DE07-4709-83D7-5DE4229BE1DE}"
EndProject
Project("{FAE04EC0-301F-11D3-BF4B-00C04F79EFBC}") = "NetPlus.ServiceAbstractions.Queue.AzureServiceBus", "NetPlus.ServiceAbstractions\NetPlus.ServiceAbstractions.Queue\NetPlus.ServiceAbstractions.Queue.AzureServiceBus\NetPlus.ServiceAbstractions.Queue.AzureServiceBus.csproj", "{A25662E0-16B2-4411-935B-59B488337C5A}"
EndProject
Project("{FAE04EC0-301F-11D3-BF4B-00C04F79EFBC}") = "NetPlus.ServiceAbstractions.Queue.RabbitMQ", "NetPlus.ServiceAbstractions\NetPlus.ServiceAbstractions.Queue\NetPlus.ServiceAbstractions.Queue.RabbitMQ\NetPlus.ServiceAbstractions.Queue.RabbitMQ.csproj", "{4BF2A87F-AA90-41D7-9D50-4CD4469E8F32}"
EndProject
Project("{FAE04EC0-301F-11D3-BF4B-00C04F79EFBC}") = "NetPlus.Validators.Date", "NetPlus.Validators\NetPlus.Validators.Date\NetPlus.Validators.Date.csproj", "{395511C3-D0EE-4426-B394-D0021B00F486}"
EndProject
Project("{FAE04EC0-301F-11D3-BF4B-00C04F79EFBC}") = "NetPlus.Validators.Numeric", "NetPlus.Validators\NetPlus.Validators.Numeric\NetPlus.Validators.Numeric.csproj", "{72D9BC29-2293-4D1A-B680-E38DA041F52E}"
EndProject
Project("{FAE04EC0-301F-11D3-BF4B-00C04F79EFBC}") = "NetPlus.Validators.RegexExtensions", "NetPlus.Validators\NetPlus.Validators.RegexExtensions\NetPlus.Validators.RegexExtensions.csproj", "{70A1D38E-C20F-4276-9EC3-A9A1B789C325}"
EndProject
Global
	GlobalSection(SolutionConfigurationPlatforms) = preSolution
		Debug|Any CPU = Debug|Any CPU
		Release|Any CPU = Release|Any CPU
	EndGlobalSection
	GlobalSection(ProjectConfigurationPlatforms) = postSolution
		{E35248C9-8C9E-408B-A9C7-F850B1B7DFA0}.Debug|Any CPU.ActiveCfg = Debug|Any CPU
		{E35248C9-8C9E-408B-A9C7-F850B1B7DFA0}.Debug|Any CPU.Build.0 = Debug|Any CPU
		{E35248C9-8C9E-408B-A9C7-F850B1B7DFA0}.Release|Any CPU.ActiveCfg = Release|Any CPU
		{E35248C9-8C9E-408B-A9C7-F850B1B7DFA0}.Release|Any CPU.Build.0 = Release|Any CPU
		{4676B785-12C7-4B97-8C09-AEF1852D618C}.Debug|Any CPU.ActiveCfg = Debug|Any CPU
		{4676B785-12C7-4B97-8C09-AEF1852D618C}.Debug|Any CPU.Build.0 = Debug|Any CPU
		{4676B785-12C7-4B97-8C09-AEF1852D618C}.Release|Any CPU.ActiveCfg = Release|Any CPU
		{4676B785-12C7-4B97-8C09-AEF1852D618C}.Release|Any CPU.Build.0 = Release|Any CPU
		{E8C531BE-CF1F-4A53-A66D-369C5CDA5EAC}.Debug|Any CPU.ActiveCfg = Debug|Any CPU
		{E8C531BE-CF1F-4A53-A66D-369C5CDA5EAC}.Debug|Any CPU.Build.0 = Debug|Any CPU
		{E8C531BE-CF1F-4A53-A66D-369C5CDA5EAC}.Release|Any CPU.ActiveCfg = Release|Any CPU
		{E8C531BE-CF1F-4A53-A66D-369C5CDA5EAC}.Release|Any CPU.Build.0 = Release|Any CPU
		{8B77DA34-EA61-45FF-A64A-5A4229700E38}.Debug|Any CPU.ActiveCfg = Debug|Any CPU
		{8B77DA34-EA61-45FF-A64A-5A4229700E38}.Debug|Any CPU.Build.0 = Debug|Any CPU
		{8B77DA34-EA61-45FF-A64A-5A4229700E38}.Release|Any CPU.ActiveCfg = Release|Any CPU
		{8B77DA34-EA61-45FF-A64A-5A4229700E38}.Release|Any CPU.Build.0 = Release|Any CPU
		{F9DA0890-407D-4C2A-8B02-49905B183B51}.Debug|Any CPU.ActiveCfg = Debug|Any CPU
		{F9DA0890-407D-4C2A-8B02-49905B183B51}.Debug|Any CPU.Build.0 = Debug|Any CPU
		{F9DA0890-407D-4C2A-8B02-49905B183B51}.Release|Any CPU.ActiveCfg = Release|Any CPU
		{F9DA0890-407D-4C2A-8B02-49905B183B51}.Release|Any CPU.Build.0 = Release|Any CPU
		{5CF6234E-8743-4539-934F-1A69DEBC09C5}.Debug|Any CPU.ActiveCfg = Debug|Any CPU
		{5CF6234E-8743-4539-934F-1A69DEBC09C5}.Debug|Any CPU.Build.0 = Debug|Any CPU
		{5CF6234E-8743-4539-934F-1A69DEBC09C5}.Release|Any CPU.ActiveCfg = Release|Any CPU
		{5CF6234E-8743-4539-934F-1A69DEBC09C5}.Release|Any CPU.Build.0 = Release|Any CPU
		{59A5F5DD-90FF-4C15-9E1D-1D980A42F5CF}.Debug|Any CPU.ActiveCfg = Debug|Any CPU
		{59A5F5DD-90FF-4C15-9E1D-1D980A42F5CF}.Debug|Any CPU.Build.0 = Debug|Any CPU
		{59A5F5DD-90FF-4C15-9E1D-1D980A42F5CF}.Release|Any CPU.ActiveCfg = Release|Any CPU
		{59A5F5DD-90FF-4C15-9E1D-1D980A42F5CF}.Release|Any CPU.Build.0 = Release|Any CPU
		{01846A9F-3845-4082-9EEB-833084A79556}.Debug|Any CPU.ActiveCfg = Debug|Any CPU
		{01846A9F-3845-4082-9EEB-833084A79556}.Debug|Any CPU.Build.0 = Debug|Any CPU
		{01846A9F-3845-4082-9EEB-833084A79556}.Release|Any CPU.ActiveCfg = Release|Any CPU
		{01846A9F-3845-4082-9EEB-833084A79556}.Release|Any CPU.Build.0 = Release|Any CPU
		{B9905F3E-6DBD-46E2-9021-513823B94113}.Debug|Any CPU.ActiveCfg = Debug|Any CPU
		{B9905F3E-6DBD-46E2-9021-513823B94113}.Debug|Any CPU.Build.0 = Debug|Any CPU
		{B9905F3E-6DBD-46E2-9021-513823B94113}.Release|Any CPU.ActiveCfg = Release|Any CPU
		{B9905F3E-6DBD-46E2-9021-513823B94113}.Release|Any CPU.Build.0 = Release|Any CPU
		{3E8021D3-CC86-4B19-BB52-ED333D5453FE}.Debug|Any CPU.ActiveCfg = Debug|Any CPU
		{3E8021D3-CC86-4B19-BB52-ED333D5453FE}.Debug|Any CPU.Build.0 = Debug|Any CPU
		{3E8021D3-CC86-4B19-BB52-ED333D5453FE}.Release|Any CPU.ActiveCfg = Release|Any CPU
		{3E8021D3-CC86-4B19-BB52-ED333D5453FE}.Release|Any CPU.Build.0 = Release|Any CPU
		{A03BB0EB-47A5-433A-B602-BE8F5C731762}.Debug|Any CPU.ActiveCfg = Debug|Any CPU
		{A03BB0EB-47A5-433A-B602-BE8F5C731762}.Debug|Any CPU.Build.0 = Debug|Any CPU
		{A03BB0EB-47A5-433A-B602-BE8F5C731762}.Release|Any CPU.ActiveCfg = Release|Any CPU
		{A03BB0EB-47A5-433A-B602-BE8F5C731762}.Release|Any CPU.Build.0 = Release|Any CPU
		{218D519E-6353-459C-BA0B-3FA6C9EA1601}.Debug|Any CPU.ActiveCfg = Debug|Any CPU
		{218D519E-6353-459C-BA0B-3FA6C9EA1601}.Debug|Any CPU.Build.0 = Debug|Any CPU
		{218D519E-6353-459C-BA0B-3FA6C9EA1601}.Release|Any CPU.ActiveCfg = Release|Any CPU
		{218D519E-6353-459C-BA0B-3FA6C9EA1601}.Release|Any CPU.Build.0 = Release|Any CPU
		{2FB9B2FF-DE07-4709-83D7-5DE4229BE1DE}.Debug|Any CPU.ActiveCfg = Debug|Any CPU
		{2FB9B2FF-DE07-4709-83D7-5DE4229BE1DE}.Debug|Any CPU.Build.0 = Debug|Any CPU
		{2FB9B2FF-DE07-4709-83D7-5DE4229BE1DE}.Release|Any CPU.ActiveCfg = Release|Any CPU
		{2FB9B2FF-DE07-4709-83D7-5DE4229BE1DE}.Release|Any CPU.Build.0 = Release|Any CPU
		{A25662E0-16B2-4411-935B-59B488337C5A}.Debug|Any CPU.ActiveCfg = Debug|Any CPU
		{A25662E0-16B2-4411-935B-59B488337C5A}.Debug|Any CPU.Build.0 = Debug|Any CPU
		{A25662E0-16B2-4411-935B-59B488337C5A}.Release|Any CPU.ActiveCfg = Release|Any CPU
		{A25662E0-16B2-4411-935B-59B488337C5A}.Release|Any CPU.Build.0 = Release|Any CPU
		{4BF2A87F-AA90-41D7-9D50-4CD4469E8F32}.Debug|Any CPU.ActiveCfg = Debug|Any CPU
		{4BF2A87F-AA90-41D7-9D50-4CD4469E8F32}.Debug|Any CPU.Build.0 = Debug|Any CPU
		{4BF2A87F-AA90-41D7-9D50-4CD4469E8F32}.Release|Any CPU.ActiveCfg = Release|Any CPU
		{4BF2A87F-AA90-41D7-9D50-4CD4469E8F32}.Release|Any CPU.Build.0 = Release|Any CPU
		{395511C3-D0EE-4426-B394-D0021B00F486}.Debug|Any CPU.ActiveCfg = Debug|Any CPU
		{395511C3-D0EE-4426-B394-D0021B00F486}.Debug|Any CPU.Build.0 = Debug|Any CPU
		{395511C3-D0EE-4426-B394-D0021B00F486}.Release|Any CPU.ActiveCfg = Release|Any CPU
		{395511C3-D0EE-4426-B394-D0021B00F486}.Release|Any CPU.Build.0 = Release|Any CPU
		{72D9BC29-2293-4D1A-B680-E38DA041F52E}.Debug|Any CPU.ActiveCfg = Debug|Any CPU
		{72D9BC29-2293-4D1A-B680-E38DA041F52E}.Debug|Any CPU.Build.0 = Debug|Any CPU
		{72D9BC29-2293-4D1A-B680-E38DA041F52E}.Release|Any CPU.ActiveCfg = Release|Any CPU
		{72D9BC29-2293-4D1A-B680-E38DA041F52E}.Release|Any CPU.Build.0 = Release|Any CPU
		{70A1D38E-C20F-4276-9EC3-A9A1B789C325}.Debug|Any CPU.ActiveCfg = Debug|Any CPU
		{70A1D38E-C20F-4276-9EC3-A9A1B789C325}.Debug|Any CPU.Build.0 = Debug|Any CPU
		{70A1D38E-C20F-4276-9EC3-A9A1B789C325}.Release|Any CPU.ActiveCfg = Release|Any CPU
		{70A1D38E-C20F-4276-9EC3-A9A1B789C325}.Release|Any CPU.Build.0 = Release|Any CPU
	EndGlobalSection
	GlobalSection(SolutionProperties) = preSolution
		HideSolutionNode = FALSE
	EndGlobalSection
	GlobalSection(NestedProjects) = preSolution
		{E35248C9-8C9E-408B-A9C7-F850B1B7DFA0} = {0A797A5F-EC62-4234-9E65-265054ED7521}
		{059E42A6-AB01-47C1-915C-EF32C4BA9386} = {C48A2799-BDF0-4D0F-8C0C-803422D9213A}
		{54537112-E2D3-48A1-B6CF-CA2333FA0140} = {C48A2799-BDF0-4D0F-8C0C-803422D9213A}
		{80180D22-1699-4731-B55F-A5161A94C21D} = {54537112-E2D3-48A1-B6CF-CA2333FA0140}
		{A2AC9E36-330E-42A4-A654-4EF16CBD7F7B} = {C48A2799-BDF0-4D0F-8C0C-803422D9213A}
		{4676B785-12C7-4B97-8C09-AEF1852D618C} = {71BD4EC1-2F94-41BB-8D7A-2026151C351C}
		{E8C531BE-CF1F-4A53-A66D-369C5CDA5EAC} = {71BD4EC1-2F94-41BB-8D7A-2026151C351C}
		{8B77DA34-EA61-45FF-A64A-5A4229700E38} = {71BD4EC1-2F94-41BB-8D7A-2026151C351C}
		{F9DA0890-407D-4C2A-8B02-49905B183B51} = {71BD4EC1-2F94-41BB-8D7A-2026151C351C}
		{5CF6234E-8743-4539-934F-1A69DEBC09C5} = {DF62F689-1ED5-4F9D-B9D8-25D2DDB7DF1A}
		{59A5F5DD-90FF-4C15-9E1D-1D980A42F5CF} = {DF62F689-1ED5-4F9D-B9D8-25D2DDB7DF1A}
		{01846A9F-3845-4082-9EEB-833084A79556} = {B0E17724-3D56-4A44-9FD9-F15F5880DB25}
		{B9905F3E-6DBD-46E2-9021-513823B94113} = {B0E17724-3D56-4A44-9FD9-F15F5880DB25}
		{3E8021D3-CC86-4B19-BB52-ED333D5453FE} = {B0E17724-3D56-4A44-9FD9-F15F5880DB25}
		{A03BB0EB-47A5-433A-B602-BE8F5C731762} = {059E42A6-AB01-47C1-915C-EF32C4BA9386}
		{218D519E-6353-459C-BA0B-3FA6C9EA1601} = {059E42A6-AB01-47C1-915C-EF32C4BA9386}
		{2FB9B2FF-DE07-4709-83D7-5DE4229BE1DE} = {80180D22-1699-4731-B55F-A5161A94C21D}
		{A25662E0-16B2-4411-935B-59B488337C5A} = {A2AC9E36-330E-42A4-A654-4EF16CBD7F7B}
		{4BF2A87F-AA90-41D7-9D50-4CD4469E8F32} = {A2AC9E36-330E-42A4-A654-4EF16CBD7F7B}
		{395511C3-D0EE-4426-B394-D0021B00F486} = {2294CB79-DD11-4772-AEBB-5BB0E4BFD2E4}
		{72D9BC29-2293-4D1A-B680-E38DA041F52E} = {2294CB79-DD11-4772-AEBB-5BB0E4BFD2E4}
		{70A1D38E-C20F-4276-9EC3-A9A1B789C325} = {2294CB79-DD11-4772-AEBB-5BB0E4BFD2E4}
	EndGlobalSection
	GlobalSection(ExtensibilityGlobals) = postSolution
		SolutionGuid = {79FC6639-012A-465C-8F34-20506ACB4F59}
	EndGlobalSection
EndGlobal
