
Microsoft Visual Studio Solution File, Format Version 12.00
# Visual Studio Version 17
VisualStudioVersion = 17.8.34330.188
MinimumVisualStudioVersion = 10.0.40219.1
Project("{9A19103F-16F7-4668-BE54-9A1E7A4F7556}") = "NetPlus.Tests", "NetPlus.Tests\NetPlus.Tests.csproj", "{E35248C9-8C9E-408B-A9C7-F850B1B7DFA0}"
EndProject
Project("{2150E333-8FDC-42A3-9474-1A3956D46DE8}") = "Algorithms", "Algorithms", "{71BD4EC1-2F94-41BB-8D7A-2026151C351C}"
EndProject
Project("{2150E333-8FDC-42A3-9474-1A3956D46DE8}") = "ServiceAbstractions", "ServiceAbstractions", "{C48A2799-BDF0-4D0F-8C0C-803422D9213A}"
EndProject
Project("{2150E333-8FDC-42A3-9474-1A3956D46DE8}") = "Converters", "Converters", "{DF62F689-1ED5-4F9D-B9D8-25D2DDB7DF1A}"
EndProject
Project("{2150E333-8FDC-42A3-9474-1A3956D46DE8}") = "Generators", "Generators", "{B0E17724-3D56-4A44-9FD9-F15F5880DB25}"
EndProject
Project("{2150E333-8FDC-42A3-9474-1A3956D46DE8}") = "Validators", "Validators", "{2294CB79-DD11-4772-AEBB-5BB0E4BFD2E4}"
EndProject
Project("{2150E333-8FDC-42A3-9474-1A3956D46DE8}") = "Tests", "Tests", "{0A797A5F-EC62-4234-9E65-265054ED7521}"
EndProject
Project("{FAE04EC0-301F-11D3-BF4B-00C04F79EFBC}") = "NetPlus.Algorithms.Graphs", "NetPlus.Algorithms.Graphs\NetPlus.Algorithms.Graphs.csproj", "{B13C1C30-2F35-4F6F-9665-015299852819}"
EndProject
Project("{FAE04EC0-301F-11D3-BF4B-00C04F79EFBC}") = "NetPlus.Algorithms.Search", "NetPlus.Algorithm.Search\NetPlus.Algorithms.Search.csproj", "{A15D0E05-5CA0-41B5-A88D-D79AEB93BF20}"
EndProject
Project("{FAE04EC0-301F-11D3-BF4B-00C04F79EFBC}") = "NetPlus.Algorithms.Sorting", "NetPlus.Algorithms.Sorting\NetPlus.Algorithms.Sorting.csproj", "{44A99CC7-CCD7-4C27-AF67-015707E7DD13}"
EndProject
Project("{FAE04EC0-301F-11D3-BF4B-00C04F79EFBC}") = "NetPlus.Algorithms.Comparison", "NetPlus.Algorithms.Comparison\NetPlus.Algorithms.Comparison.csproj", "{1D9EDFA7-6CC5-4E24-9CD8-E0A63156993C}"
EndProject
Project("{FAE04EC0-301F-11D3-BF4B-00C04F79EFBC}") = "NetPlus.Converters.DateTime", "NetPlus.Converters.DateTime\NetPlus.Converters.DateTime.csproj", "{BD7E3917-4589-44CD-AEE7-2CF3CD4ECCBB}"
EndProject
Project("{FAE04EC0-301F-11D3-BF4B-00C04F79EFBC}") = "NetPlus.Converters.Temperature", "NetPlus.Converters.Temperature\NetPlus.Converters.Temperature.csproj", "{AC20B353-E009-4AE9-9087-C09E7DC9AF39}"
EndProject
Project("{FAE04EC0-301F-11D3-BF4B-00C04F79EFBC}") = "NetPlus.Generators.GenericGenerator", "NetPlus.Generators.GenericGenerator\NetPlus.Generators.GenericGenerator.csproj", "{80BA394F-A356-43C9-A978-EBF8CAFFC7C3}"
EndProject
Project("{FAE04EC0-301F-11D3-BF4B-00C04F79EFBC}") = "NetPlus.Generators.GuidGenerator", "NetPlus.Generators.GuidGenerator\NetPlus.Generators.GuidGenerator.csproj", "{C7F8B894-0476-4E36-A8CE-B0E6824E1CB4}"
EndProject
Project("{FAE04EC0-301F-11D3-BF4B-00C04F79EFBC}") = "NetPlus.Generators.PasswordGenerator", "NetPlus.Generators.PasswordGenerator\NetPlus.Generators.PasswordGenerator.csproj", "{0AD0E94A-3175-4E44-925B-4DF2A70706D9}"
EndProject
Project("{FAE04EC0-301F-11D3-BF4B-00C04F79EFBC}") = "NetPlus.Validators.DateTime", "NetPlus.Validators.DateTime\NetPlus.Validators.DateTime.csproj", "{49BF77F7-7988-4B93-9A9D-8FE80CD28361}"
EndProject
Project("{FAE04EC0-301F-11D3-BF4B-00C04F79EFBC}") = "NetPlus.Validators.Numeric", "NetPlus.Validators.Numeric\NetPlus.Validators.Numeric.csproj", "{08EA4BE3-61E5-48CD-90CF-A0EA207E5B26}"
EndProject
Project("{FAE04EC0-301F-11D3-BF4B-00C04F79EFBC}") = "NetPlus.Validators.Regex", "NetPlus.Validators.Regex\NetPlus.Validators.Regex.csproj", "{EFF88131-05C8-4A75-B3BD-1AEDDCE188A7}"
EndProject
Project("{2150E333-8FDC-42A3-9474-1A3956D46DE8}") = "Cache", "Cache", "{059E42A6-AB01-47C1-915C-EF32C4BA9386}"
EndProject
Project("{2150E333-8FDC-42A3-9474-1A3956D46DE8}") = "Database", "Database", "{54537112-E2D3-48A1-B6CF-CA2333FA0140}"
EndProject
Project("{2150E333-8FDC-42A3-9474-1A3956D46DE8}") = "NoSQL", "NoSQL", "{80180D22-1699-4731-B55F-A5161A94C21D}"
EndProject
Project("{FAE04EC0-301F-11D3-BF4B-00C04F79EFBC}") = "NetPlus.ServiceAbstractions.Database.NoSQL.MongoDB", "NetPlus.ServiceAbstractions.Database.NoSQL.MongoDB\NetPlus.ServiceAbstractions.Database.NoSQL.MongoDB.csproj", "{28802EA2-648D-4829-A168-96081E5AA76B}"
EndProject
Project("{FAE04EC0-301F-11D3-BF4B-00C04F79EFBC}") = "NetPlus.ServiceAbstractions.Cache.Memory", "NetPlus.ServiceAbstractions.Cache.Memory\NetPlus.ServiceAbstractions.Cache.Memory.csproj", "{D2867ED1-D972-4B79-BCD4-CAA690C85EDA}"
EndProject
Project("{FAE04EC0-301F-11D3-BF4B-00C04F79EFBC}") = "NetPlus.ServiceAbstractions.Cache.Redis", "NetPlus.ServiceAbstractions.Cache.Redis\NetPlus.ServiceAbstractions.Cache.Redis.csproj", "{C2A9DA88-2DD5-41DA-9674-6690E73AEFE5}"
EndProject
Project("{2150E333-8FDC-42A3-9474-1A3956D46DE8}") = "Queue", "Queue", "{A2AC9E36-330E-42A4-A654-4EF16CBD7F7B}"
EndProject
Project("{FAE04EC0-301F-11D3-BF4B-00C04F79EFBC}") = "NetPlus.ServiceAbstractions.Queue.AzureServiceBus", "NetPlus.ServiceAbstractions.Queue.AzureServiceBus\NetPlus.ServiceAbstractions.Queue.AzureServiceBus.csproj", "{BA72E1F4-4C59-4B72-A519-645CE9F18DD4}"
EndProject
Project("{FAE04EC0-301F-11D3-BF4B-00C04F79EFBC}") = "NetPlus.ServiceAbstractions.Queue.RabbitMQ", "NetPlus.ServiceAbstractions.Queue.RabbitMQ\NetPlus.ServiceAbstractions.Queue.RabbitMQ.csproj", "{FBDC6926-B04E-4B92-A864-171B06509E2D}"
EndProject
Global
	GlobalSection(SolutionConfigurationPlatforms) = preSolution
		Debug|Any CPU = Debug|Any CPU
		Release|Any CPU = Release|Any CPU
	EndGlobalSection
	GlobalSection(ProjectConfigurationPlatforms) = postSolution
		{E35248C9-8C9E-408B-A9C7-F850B1B7DFA0}.Debug|Any CPU.ActiveCfg = Debug|Any CPU
		{E35248C9-8C9E-408B-A9C7-F850B1B7DFA0}.Debug|Any CPU.Build.0 = Debug|Any CPU
		{E35248C9-8C9E-408B-A9C7-F850B1B7DFA0}.Release|Any CPU.ActiveCfg = Release|Any CPU
		{E35248C9-8C9E-408B-A9C7-F850B1B7DFA0}.Release|Any CPU.Build.0 = Release|Any CPU
		{B13C1C30-2F35-4F6F-9665-015299852819}.Debug|Any CPU.ActiveCfg = Debug|Any CPU
		{B13C1C30-2F35-4F6F-9665-015299852819}.Debug|Any CPU.Build.0 = Debug|Any CPU
		{B13C1C30-2F35-4F6F-9665-015299852819}.Release|Any CPU.ActiveCfg = Release|Any CPU
		{B13C1C30-2F35-4F6F-9665-015299852819}.Release|Any CPU.Build.0 = Release|Any CPU
		{A15D0E05-5CA0-41B5-A88D-D79AEB93BF20}.Debug|Any CPU.ActiveCfg = Debug|Any CPU
		{A15D0E05-5CA0-41B5-A88D-D79AEB93BF20}.Debug|Any CPU.Build.0 = Debug|Any CPU
		{A15D0E05-5CA0-41B5-A88D-D79AEB93BF20}.Release|Any CPU.ActiveCfg = Release|Any CPU
		{A15D0E05-5CA0-41B5-A88D-D79AEB93BF20}.Release|Any CPU.Build.0 = Release|Any CPU
		{44A99CC7-CCD7-4C27-AF67-015707E7DD13}.Debug|Any CPU.ActiveCfg = Debug|Any CPU
		{44A99CC7-CCD7-4C27-AF67-015707E7DD13}.Debug|Any CPU.Build.0 = Debug|Any CPU
		{44A99CC7-CCD7-4C27-AF67-015707E7DD13}.Release|Any CPU.ActiveCfg = Release|Any CPU
		{44A99CC7-CCD7-4C27-AF67-015707E7DD13}.Release|Any CPU.Build.0 = Release|Any CPU
		{1D9EDFA7-6CC5-4E24-9CD8-E0A63156993C}.Debug|Any CPU.ActiveCfg = Debug|Any CPU
		{1D9EDFA7-6CC5-4E24-9CD8-E0A63156993C}.Debug|Any CPU.Build.0 = Debug|Any CPU
		{1D9EDFA7-6CC5-4E24-9CD8-E0A63156993C}.Release|Any CPU.ActiveCfg = Release|Any CPU
		{1D9EDFA7-6CC5-4E24-9CD8-E0A63156993C}.Release|Any CPU.Build.0 = Release|Any CPU
		{BD7E3917-4589-44CD-AEE7-2CF3CD4ECCBB}.Debug|Any CPU.ActiveCfg = Debug|Any CPU
		{BD7E3917-4589-44CD-AEE7-2CF3CD4ECCBB}.Debug|Any CPU.Build.0 = Debug|Any CPU
		{BD7E3917-4589-44CD-AEE7-2CF3CD4ECCBB}.Release|Any CPU.ActiveCfg = Release|Any CPU
		{BD7E3917-4589-44CD-AEE7-2CF3CD4ECCBB}.Release|Any CPU.Build.0 = Release|Any CPU
		{AC20B353-E009-4AE9-9087-C09E7DC9AF39}.Debug|Any CPU.ActiveCfg = Debug|Any CPU
		{AC20B353-E009-4AE9-9087-C09E7DC9AF39}.Debug|Any CPU.Build.0 = Debug|Any CPU
		{AC20B353-E009-4AE9-9087-C09E7DC9AF39}.Release|Any CPU.ActiveCfg = Release|Any CPU
		{AC20B353-E009-4AE9-9087-C09E7DC9AF39}.Release|Any CPU.Build.0 = Release|Any CPU
		{80BA394F-A356-43C9-A978-EBF8CAFFC7C3}.Debug|Any CPU.ActiveCfg = Debug|Any CPU
		{80BA394F-A356-43C9-A978-EBF8CAFFC7C3}.Debug|Any CPU.Build.0 = Debug|Any CPU
		{80BA394F-A356-43C9-A978-EBF8CAFFC7C3}.Release|Any CPU.ActiveCfg = Release|Any CPU
		{80BA394F-A356-43C9-A978-EBF8CAFFC7C3}.Release|Any CPU.Build.0 = Release|Any CPU
		{C7F8B894-0476-4E36-A8CE-B0E6824E1CB4}.Debug|Any CPU.ActiveCfg = Debug|Any CPU
		{C7F8B894-0476-4E36-A8CE-B0E6824E1CB4}.Debug|Any CPU.Build.0 = Debug|Any CPU
		{C7F8B894-0476-4E36-A8CE-B0E6824E1CB4}.Release|Any CPU.ActiveCfg = Release|Any CPU
		{C7F8B894-0476-4E36-A8CE-B0E6824E1CB4}.Release|Any CPU.Build.0 = Release|Any CPU
		{0AD0E94A-3175-4E44-925B-4DF2A70706D9}.Debug|Any CPU.ActiveCfg = Debug|Any CPU
		{0AD0E94A-3175-4E44-925B-4DF2A70706D9}.Debug|Any CPU.Build.0 = Debug|Any CPU
		{0AD0E94A-3175-4E44-925B-4DF2A70706D9}.Release|Any CPU.ActiveCfg = Release|Any CPU
		{0AD0E94A-3175-4E44-925B-4DF2A70706D9}.Release|Any CPU.Build.0 = Release|Any CPU
		{49BF77F7-7988-4B93-9A9D-8FE80CD28361}.Debug|Any CPU.ActiveCfg = Debug|Any CPU
		{49BF77F7-7988-4B93-9A9D-8FE80CD28361}.Debug|Any CPU.Build.0 = Debug|Any CPU
		{49BF77F7-7988-4B93-9A9D-8FE80CD28361}.Release|Any CPU.ActiveCfg = Release|Any CPU
		{49BF77F7-7988-4B93-9A9D-8FE80CD28361}.Release|Any CPU.Build.0 = Release|Any CPU
		{08EA4BE3-61E5-48CD-90CF-A0EA207E5B26}.Debug|Any CPU.ActiveCfg = Debug|Any CPU
		{08EA4BE3-61E5-48CD-90CF-A0EA207E5B26}.Debug|Any CPU.Build.0 = Debug|Any CPU
		{08EA4BE3-61E5-48CD-90CF-A0EA207E5B26}.Release|Any CPU.ActiveCfg = Release|Any CPU
		{08EA4BE3-61E5-48CD-90CF-A0EA207E5B26}.Release|Any CPU.Build.0 = Release|Any CPU
		{EFF88131-05C8-4A75-B3BD-1AEDDCE188A7}.Debug|Any CPU.ActiveCfg = Debug|Any CPU
		{EFF88131-05C8-4A75-B3BD-1AEDDCE188A7}.Debug|Any CPU.Build.0 = Debug|Any CPU
		{EFF88131-05C8-4A75-B3BD-1AEDDCE188A7}.Release|Any CPU.ActiveCfg = Release|Any CPU
		{EFF88131-05C8-4A75-B3BD-1AEDDCE188A7}.Release|Any CPU.Build.0 = Release|Any CPU
		{28802EA2-648D-4829-A168-96081E5AA76B}.Debug|Any CPU.ActiveCfg = Debug|Any CPU
		{28802EA2-648D-4829-A168-96081E5AA76B}.Debug|Any CPU.Build.0 = Debug|Any CPU
		{28802EA2-648D-4829-A168-96081E5AA76B}.Release|Any CPU.ActiveCfg = Release|Any CPU
		{28802EA2-648D-4829-A168-96081E5AA76B}.Release|Any CPU.Build.0 = Release|Any CPU
		{D2867ED1-D972-4B79-BCD4-CAA690C85EDA}.Debug|Any CPU.ActiveCfg = Debug|Any CPU
		{D2867ED1-D972-4B79-BCD4-CAA690C85EDA}.Debug|Any CPU.Build.0 = Debug|Any CPU
		{D2867ED1-D972-4B79-BCD4-CAA690C85EDA}.Release|Any CPU.ActiveCfg = Release|Any CPU
		{D2867ED1-D972-4B79-BCD4-CAA690C85EDA}.Release|Any CPU.Build.0 = Release|Any CPU
		{C2A9DA88-2DD5-41DA-9674-6690E73AEFE5}.Debug|Any CPU.ActiveCfg = Debug|Any CPU
		{C2A9DA88-2DD5-41DA-9674-6690E73AEFE5}.Debug|Any CPU.Build.0 = Debug|Any CPU
		{C2A9DA88-2DD5-41DA-9674-6690E73AEFE5}.Release|Any CPU.ActiveCfg = Release|Any CPU
		{C2A9DA88-2DD5-41DA-9674-6690E73AEFE5}.Release|Any CPU.Build.0 = Release|Any CPU
		{BA72E1F4-4C59-4B72-A519-645CE9F18DD4}.Debug|Any CPU.ActiveCfg = Debug|Any CPU
		{BA72E1F4-4C59-4B72-A519-645CE9F18DD4}.Debug|Any CPU.Build.0 = Debug|Any CPU
		{BA72E1F4-4C59-4B72-A519-645CE9F18DD4}.Release|Any CPU.ActiveCfg = Release|Any CPU
		{BA72E1F4-4C59-4B72-A519-645CE9F18DD4}.Release|Any CPU.Build.0 = Release|Any CPU
		{FBDC6926-B04E-4B92-A864-171B06509E2D}.Debug|Any CPU.ActiveCfg = Debug|Any CPU
		{FBDC6926-B04E-4B92-A864-171B06509E2D}.Debug|Any CPU.Build.0 = Debug|Any CPU
		{FBDC6926-B04E-4B92-A864-171B06509E2D}.Release|Any CPU.ActiveCfg = Release|Any CPU
		{FBDC6926-B04E-4B92-A864-171B06509E2D}.Release|Any CPU.Build.0 = Release|Any CPU
	EndGlobalSection
	GlobalSection(SolutionProperties) = preSolution
		HideSolutionNode = FALSE
	EndGlobalSection
	GlobalSection(NestedProjects) = preSolution
		{E35248C9-8C9E-408B-A9C7-F850B1B7DFA0} = {0A797A5F-EC62-4234-9E65-265054ED7521}
		{B13C1C30-2F35-4F6F-9665-015299852819} = {71BD4EC1-2F94-41BB-8D7A-2026151C351C}
		{A15D0E05-5CA0-41B5-A88D-D79AEB93BF20} = {71BD4EC1-2F94-41BB-8D7A-2026151C351C}
		{44A99CC7-CCD7-4C27-AF67-015707E7DD13} = {71BD4EC1-2F94-41BB-8D7A-2026151C351C}
		{1D9EDFA7-6CC5-4E24-9CD8-E0A63156993C} = {71BD4EC1-2F94-41BB-8D7A-2026151C351C}
		{BD7E3917-4589-44CD-AEE7-2CF3CD4ECCBB} = {DF62F689-1ED5-4F9D-B9D8-25D2DDB7DF1A}
		{AC20B353-E009-4AE9-9087-C09E7DC9AF39} = {DF62F689-1ED5-4F9D-B9D8-25D2DDB7DF1A}
		{80BA394F-A356-43C9-A978-EBF8CAFFC7C3} = {B0E17724-3D56-4A44-9FD9-F15F5880DB25}
		{C7F8B894-0476-4E36-A8CE-B0E6824E1CB4} = {B0E17724-3D56-4A44-9FD9-F15F5880DB25}
		{0AD0E94A-3175-4E44-925B-4DF2A70706D9} = {B0E17724-3D56-4A44-9FD9-F15F5880DB25}
		{49BF77F7-7988-4B93-9A9D-8FE80CD28361} = {2294CB79-DD11-4772-AEBB-5BB0E4BFD2E4}
		{08EA4BE3-61E5-48CD-90CF-A0EA207E5B26} = {2294CB79-DD11-4772-AEBB-5BB0E4BFD2E4}
		{EFF88131-05C8-4A75-B3BD-1AEDDCE188A7} = {2294CB79-DD11-4772-AEBB-5BB0E4BFD2E4}
		{059E42A6-AB01-47C1-915C-EF32C4BA9386} = {C48A2799-BDF0-4D0F-8C0C-803422D9213A}
		{54537112-E2D3-48A1-B6CF-CA2333FA0140} = {C48A2799-BDF0-4D0F-8C0C-803422D9213A}
		{80180D22-1699-4731-B55F-A5161A94C21D} = {54537112-E2D3-48A1-B6CF-CA2333FA0140}
		{28802EA2-648D-4829-A168-96081E5AA76B} = {80180D22-1699-4731-B55F-A5161A94C21D}
		{D2867ED1-D972-4B79-BCD4-CAA690C85EDA} = {059E42A6-AB01-47C1-915C-EF32C4BA9386}
		{C2A9DA88-2DD5-41DA-9674-6690E73AEFE5} = {059E42A6-AB01-47C1-915C-EF32C4BA9386}
		{A2AC9E36-330E-42A4-A654-4EF16CBD7F7B} = {C48A2799-BDF0-4D0F-8C0C-803422D9213A}
		{BA72E1F4-4C59-4B72-A519-645CE9F18DD4} = {A2AC9E36-330E-42A4-A654-4EF16CBD7F7B}
		{FBDC6926-B04E-4B92-A864-171B06509E2D} = {A2AC9E36-330E-42A4-A654-4EF16CBD7F7B}
	EndGlobalSection
	GlobalSection(ExtensibilityGlobals) = postSolution
		SolutionGuid = {79FC6639-012A-465C-8F34-20506ACB4F59}
	EndGlobalSection
EndGlobal
